
Microsoft Visual Studio Solution File, Format Version 10.00
# Visual Studio 2008
Project("{FAE04EC0-301F-11D3-BF4B-00C04F79EFBC}") = "GIMSplit", "GIMSplit.csproj", "{7BCB72F1-BF0E-46AE-9911-9E01E9409906}"
EndProject
Global
	GlobalSection(SolutionConfigurationPlatforms) = preSolution
		Debug|Any CPU = Debug|Any CPU
		Release|Any CPU = Release|Any CPU
	EndGlobalSection
	GlobalSection(ProjectConfigurationPlatforms) = postSolution
		{7BCB72F1-BF0E-46AE-9911-9E01E9409906}.Debug|Any CPU.ActiveCfg = Debug|Any CPU
		{7BCB72F1-BF0E-46AE-9911-9E01E9409906}.Debug|Any CPU.Build.0 = Debug|Any CPU
		{7BCB72F1-BF0E-46AE-9911-9E01E9409906}.Release|Any CPU.ActiveCfg = Release|Any CPU
		{7BCB72F1-BF0E-46AE-9911-9E01E9409906}.Release|Any CPU.Build.0 = Release|Any CPU
	EndGlobalSection
	GlobalSection(SolutionProperties) = preSolution
		HideSolutionNode = FALSE
	EndGlobalSection
EndGlobal
